
Microsoft Visual Studio Solution File, Format Version 12.00
# Visual Studio 15
VisualStudioVersion = 15.0.28307.271
MinimumVisualStudioVersion = 10.0.40219.1
Project("{FAE04EC0-301F-11D3-BF4B-00C04F79EFBC}") = "NumberGuesser", "NumberGuesser.csproj", "{D62E9D42-7069-43A7-98A0-108C2A3ECA1A}"
EndProject
Global
	GlobalSection(SolutionConfigurationPlatforms) = preSolution
		Debug|Any CPU = Debug|Any CPU
		Release|Any CPU = Release|Any CPU
	EndGlobalSection
	GlobalSection(ProjectConfigurationPlatforms) = postSolution
		{D62E9D42-7069-43A7-98A0-108C2A3ECA1A}.Debug|Any CPU.ActiveCfg = Debug|Any CPU
		{D62E9D42-7069-43A7-98A0-108C2A3ECA1A}.Debug|Any CPU.Build.0 = Debug|Any CPU
		{D62E9D42-7069-43A7-98A0-108C2A3ECA1A}.Release|Any CPU.ActiveCfg = Release|Any CPU
		{D62E9D42-7069-43A7-98A0-108C2A3ECA1A}.Release|Any CPU.Build.0 = Release|Any CPU
	EndGlobalSection
	GlobalSection(SolutionProperties) = preSolution
		HideSolutionNode = FALSE
	EndGlobalSection
	GlobalSection(ExtensibilityGlobals) = postSolution
		SolutionGuid = {24A1A129-1E2F-4C55-A906-2F75B46470BA}
	EndGlobalSection
EndGlobal
